
Microsoft Visual Studio Solution File, Format Version 12.00
# Visual Studio Version 17
VisualStudioVersion = 17.0.31903.59
MinimumVisualStudioVersion = 10.0.40219.1
Project("{2150E333-8FDC-42A3-9474-1A3956D46DE8}") = "Application", "Application", "{8A9057C2-F7C9-43AB-807D-3B5A8AE7D28A}"
EndProject
Project("{FAE04EC0-301F-11D3-BF4B-00C04F79EFBC}") = "Shoping.Modular.API", "Application\Shoping.Modular.API\Shoping.Modular.API.csproj", "{36503A25-2FEB-45A2-8D1E-C81AE968B27C}"
EndProject
Project("{2150E333-8FDC-42A3-9474-1A3956D46DE8}") = "Modules", "Modules", "{E1DFE1B6-F293-41C7-B221-323721171F1D}"
EndProject
Project("{2150E333-8FDC-42A3-9474-1A3956D46DE8}") = "Basket", "Basket", "{C8AAB585-7726-4B0C-820E-46FD9C1AF89E}"
EndProject
Project("{FAE04EC0-301F-11D3-BF4B-00C04F79EFBC}") = "Basket", "Modules\Basket\Basket\Basket.csproj", "{ECA46430-7B39-4E2C-B7C5-332C32A2E95B}"
EndProject
Project("{2150E333-8FDC-42A3-9474-1A3956D46DE8}") = "Ordering", "Ordering", "{45BE2516-8F50-484A-AA41-C07CFE3448C3}"
EndProject
Project("{FAE04EC0-301F-11D3-BF4B-00C04F79EFBC}") = "Ordering", "Modules\Ordering\Ordering\Ordering.csproj", "{D722473B-F119-475D-9D0F-DE5FF192E3D5}"
EndProject
Project("{2150E333-8FDC-42A3-9474-1A3956D46DE8}") = "Catalog", "Catalog", "{7C49BC17-A72C-4C47-BE94-A80F00A5E3BB}"
EndProject
Project("{FAE04EC0-301F-11D3-BF4B-00C04F79EFBC}") = "Catalog", "Modules\Catalog\Catalog\Catalog.csproj", "{538BEDB9-9D7E-4FDA-8E7C-C795EF6975AF}"
EndProject
Project("{2150E333-8FDC-42A3-9474-1A3956D46DE8}") = "Shared", "Shared", "{6570009F-C9D4-47C2-AFB0-E3D2DF934AE6}"
EndProject
Project("{FAE04EC0-301F-11D3-BF4B-00C04F79EFBC}") = "Shared", "Shared\Shared\Shared.csproj", "{BA837735-0F53-4118-A05C-50E2CD0815F2}"
EndProject
Project("{FAE04EC0-301F-11D3-BF4B-00C04F79EFBC}") = "Catalog.Contacts", "Modules\Catalog\Catalog.Contacts\Catalog.Contacts.csproj", "{9EEF8E97-5BAA-49A5-B0E4-2F553E421F27}"
EndProject
Project("{FAE04EC0-301F-11D3-BF4B-00C04F79EFBC}") = "Shared.Contacts", "Shared\Shared.Contacts\Shared.Contacts.csproj", "{BB20455A-4CB8-4C38-A0F5-7AE82353DA27}"
EndProject
Project("{FAE04EC0-301F-11D3-BF4B-00C04F79EFBC}") = "Shared.Messaging", "Shared\Shared.Messaging\Shared.Messaging.csproj", "{C7BFA038-65B1-475E-B794-D91B8B2CF31B}"
EndProject
Global
	GlobalSection(SolutionConfigurationPlatforms) = preSolution
		Debug|Any CPU = Debug|Any CPU
		Release|Any CPU = Release|Any CPU
	EndGlobalSection
	GlobalSection(SolutionProperties) = preSolution
		HideSolutionNode = FALSE
	EndGlobalSection
	GlobalSection(ProjectConfigurationPlatforms) = postSolution
		{36503A25-2FEB-45A2-8D1E-C81AE968B27C}.Debug|Any CPU.ActiveCfg = Debug|Any CPU
		{36503A25-2FEB-45A2-8D1E-C81AE968B27C}.Debug|Any CPU.Build.0 = Debug|Any CPU
		{36503A25-2FEB-45A2-8D1E-C81AE968B27C}.Release|Any CPU.ActiveCfg = Release|Any CPU
		{36503A25-2FEB-45A2-8D1E-C81AE968B27C}.Release|Any CPU.Build.0 = Release|Any CPU
		{ECA46430-7B39-4E2C-B7C5-332C32A2E95B}.Debug|Any CPU.ActiveCfg = Debug|Any CPU
		{ECA46430-7B39-4E2C-B7C5-332C32A2E95B}.Debug|Any CPU.Build.0 = Debug|Any CPU
		{ECA46430-7B39-4E2C-B7C5-332C32A2E95B}.Release|Any CPU.ActiveCfg = Release|Any CPU
		{ECA46430-7B39-4E2C-B7C5-332C32A2E95B}.Release|Any CPU.Build.0 = Release|Any CPU
		{D722473B-F119-475D-9D0F-DE5FF192E3D5}.Debug|Any CPU.ActiveCfg = Debug|Any CPU
		{D722473B-F119-475D-9D0F-DE5FF192E3D5}.Debug|Any CPU.Build.0 = Debug|Any CPU
		{D722473B-F119-475D-9D0F-DE5FF192E3D5}.Release|Any CPU.ActiveCfg = Release|Any CPU
		{D722473B-F119-475D-9D0F-DE5FF192E3D5}.Release|Any CPU.Build.0 = Release|Any CPU
		{538BEDB9-9D7E-4FDA-8E7C-C795EF6975AF}.Debug|Any CPU.ActiveCfg = Debug|Any CPU
		{538BEDB9-9D7E-4FDA-8E7C-C795EF6975AF}.Debug|Any CPU.Build.0 = Debug|Any CPU
		{538BEDB9-9D7E-4FDA-8E7C-C795EF6975AF}.Release|Any CPU.ActiveCfg = Release|Any CPU
		{538BEDB9-9D7E-4FDA-8E7C-C795EF6975AF}.Release|Any CPU.Build.0 = Release|Any CPU
		{BA837735-0F53-4118-A05C-50E2CD0815F2}.Debug|Any CPU.ActiveCfg = Debug|Any CPU
		{BA837735-0F53-4118-A05C-50E2CD0815F2}.Debug|Any CPU.Build.0 = Debug|Any CPU
		{BA837735-0F53-4118-A05C-50E2CD0815F2}.Release|Any CPU.ActiveCfg = Release|Any CPU
		{BA837735-0F53-4118-A05C-50E2CD0815F2}.Release|Any CPU.Build.0 = Release|Any CPU
		{9EEF8E97-5BAA-49A5-B0E4-2F553E421F27}.Debug|Any CPU.ActiveCfg = Debug|Any CPU
		{9EEF8E97-5BAA-49A5-B0E4-2F553E421F27}.Debug|Any CPU.Build.0 = Debug|Any CPU
		{9EEF8E97-5BAA-49A5-B0E4-2F553E421F27}.Release|Any CPU.ActiveCfg = Release|Any CPU
		{9EEF8E97-5BAA-49A5-B0E4-2F553E421F27}.Release|Any CPU.Build.0 = Release|Any CPU
		{BB20455A-4CB8-4C38-A0F5-7AE82353DA27}.Debug|Any CPU.ActiveCfg = Debug|Any CPU
		{BB20455A-4CB8-4C38-A0F5-7AE82353DA27}.Debug|Any CPU.Build.0 = Debug|Any CPU
		{BB20455A-4CB8-4C38-A0F5-7AE82353DA27}.Release|Any CPU.ActiveCfg = Release|Any CPU
		{BB20455A-4CB8-4C38-A0F5-7AE82353DA27}.Release|Any CPU.Build.0 = Release|Any CPU
		{C7BFA038-65B1-475E-B794-D91B8B2CF31B}.Debug|Any CPU.ActiveCfg = Debug|Any CPU
		{C7BFA038-65B1-475E-B794-D91B8B2CF31B}.Debug|Any CPU.Build.0 = Debug|Any CPU
		{C7BFA038-65B1-475E-B794-D91B8B2CF31B}.Release|Any CPU.ActiveCfg = Release|Any CPU
		{C7BFA038-65B1-475E-B794-D91B8B2CF31B}.Release|Any CPU.Build.0 = Release|Any CPU
	EndGlobalSection
	GlobalSection(NestedProjects) = preSolution
		{36503A25-2FEB-45A2-8D1E-C81AE968B27C} = {8A9057C2-F7C9-43AB-807D-3B5A8AE7D28A}
		{C8AAB585-7726-4B0C-820E-46FD9C1AF89E} = {E1DFE1B6-F293-41C7-B221-323721171F1D}
		{ECA46430-7B39-4E2C-B7C5-332C32A2E95B} = {C8AAB585-7726-4B0C-820E-46FD9C1AF89E}
		{45BE2516-8F50-484A-AA41-C07CFE3448C3} = {E1DFE1B6-F293-41C7-B221-323721171F1D}
		{D722473B-F119-475D-9D0F-DE5FF192E3D5} = {45BE2516-8F50-484A-AA41-C07CFE3448C3}
		{7C49BC17-A72C-4C47-BE94-A80F00A5E3BB} = {E1DFE1B6-F293-41C7-B221-323721171F1D}
		{538BEDB9-9D7E-4FDA-8E7C-C795EF6975AF} = {7C49BC17-A72C-4C47-BE94-A80F00A5E3BB}
		{BA837735-0F53-4118-A05C-50E2CD0815F2} = {6570009F-C9D4-47C2-AFB0-E3D2DF934AE6}
		{9EEF8E97-5BAA-49A5-B0E4-2F553E421F27} = {7C49BC17-A72C-4C47-BE94-A80F00A5E3BB}
		{BB20455A-4CB8-4C38-A0F5-7AE82353DA27} = {6570009F-C9D4-47C2-AFB0-E3D2DF934AE6}
		{C7BFA038-65B1-475E-B794-D91B8B2CF31B} = {6570009F-C9D4-47C2-AFB0-E3D2DF934AE6}
	EndGlobalSection
EndGlobal
